
Microsoft Visual Studio Solution File, Format Version 12.00
# Visual Studio Version 17
VisualStudioVersion = 17.12.35527.113 d17.12
MinimumVisualStudioVersion = 10.0.40219.1
Project("{FAE04EC0-301F-11D3-BF4B-00C04F79EFBC}") = "TimeTracker", "TimeTracker\TimeTracker.csproj", "{2D77B18D-FD68-41B6-A8C1-A0742507E051}"
EndProject
Global
	GlobalSection(SolutionConfigurationPlatforms) = preSolution
		Debug|Any CPU = Debug|Any CPU
		Release|Any CPU = Release|Any CPU
	EndGlobalSection
	GlobalSection(ProjectConfigurationPlatforms) = postSolution
		{2D77B18D-FD68-41B6-A8C1-A0742507E051}.Debug|Any CPU.ActiveCfg = Debug|Any CPU
		{2D77B18D-FD68-41B6-A8C1-A0742507E051}.Debug|Any CPU.Build.0 = Debug|Any CPU
		{2D77B18D-FD68-41B6-A8C1-A0742507E051}.Release|Any CPU.ActiveCfg = Release|Any CPU
		{2D77B18D-FD68-41B6-A8C1-A0742507E051}.Release|Any CPU.Build.0 = Release|Any CPU
	EndGlobalSection
	GlobalSection(SolutionProperties) = preSolution
		HideSolutionNode = FALSE
	EndGlobalSection
EndGlobal
