
Microsoft Visual Studio Solution File, Format Version 12.00
# Visual Studio Version 17
VisualStudioVersion = 17.12.35527.113 d17.12
MinimumVisualStudioVersion = 10.0.40219.1
Project("{FAE04EC0-301F-11D3-BF4B-00C04F79EFBC}") = "EventsAndDelegates(1)", "EventsAndDelegates(1)\EventsAndDelegates(1).csproj", "{8B39E535-7339-4172-A701-0140FC1E6704}"
EndProject
Project("{FAE04EC0-301F-11D3-BF4B-00C04F79EFBC}") = "VarAndDynamic(2)", "VarAndDynamic(2)\VarAndDynamic(2).csproj", "{33A0A3E6-0F8F-4813-9DE8-4C1480520809}"
EndProject
Project("{FAE04EC0-301F-11D3-BF4B-00C04F79EFBC}") = "AnonymousMethods(3)", "AnonymousMethods(3)\AnonymousMethods(3).csproj", "{7B792D30-E87F-403C-8C03-7943844CC074}"
EndProject
Global
	GlobalSection(SolutionConfigurationPlatforms) = preSolution
		Debug|Any CPU = Debug|Any CPU
		Release|Any CPU = Release|Any CPU
	EndGlobalSection
	GlobalSection(ProjectConfigurationPlatforms) = postSolution
		{8B39E535-7339-4172-A701-0140FC1E6704}.Debug|Any CPU.ActiveCfg = Debug|Any CPU
		{8B39E535-7339-4172-A701-0140FC1E6704}.Debug|Any CPU.Build.0 = Debug|Any CPU
		{8B39E535-7339-4172-A701-0140FC1E6704}.Release|Any CPU.ActiveCfg = Release|Any CPU
		{8B39E535-7339-4172-A701-0140FC1E6704}.Release|Any CPU.Build.0 = Release|Any CPU
		{33A0A3E6-0F8F-4813-9DE8-4C1480520809}.Debug|Any CPU.ActiveCfg = Debug|Any CPU
		{33A0A3E6-0F8F-4813-9DE8-4C1480520809}.Debug|Any CPU.Build.0 = Debug|Any CPU
		{33A0A3E6-0F8F-4813-9DE8-4C1480520809}.Release|Any CPU.ActiveCfg = Release|Any CPU
		{33A0A3E6-0F8F-4813-9DE8-4C1480520809}.Release|Any CPU.Build.0 = Release|Any CPU
		{7B792D30-E87F-403C-8C03-7943844CC074}.Debug|Any CPU.ActiveCfg = Debug|Any CPU
		{7B792D30-E87F-403C-8C03-7943844CC074}.Debug|Any CPU.Build.0 = Debug|Any CPU
		{7B792D30-E87F-403C-8C03-7943844CC074}.Release|Any CPU.ActiveCfg = Release|Any CPU
		{7B792D30-E87F-403C-8C03-7943844CC074}.Release|Any CPU.Build.0 = Release|Any CPU
	EndGlobalSection
	GlobalSection(SolutionProperties) = preSolution
		HideSolutionNode = FALSE
	EndGlobalSection
EndGlobal
